
Microsoft Visual Studio Solution File, Format Version 12.00
# Visual Studio 2012
Project("{FAE04EC0-301F-11D3-BF4B-00C04F79EFBC}") = "MusicStore.Api", "MusicStore.Api\MusicStore.Api.csproj", "{687C7F15-A14D-4952-9694-221071F1979C}"
EndProject
Project("{FAE04EC0-301F-11D3-BF4B-00C04F79EFBC}") = "MusicStore.AcceptanceTest", "MusicStore.AcceptanceTest\MusicStore.AcceptanceTest.csproj", "{E3E4DB63-DA24-45E0-A683-93F1969AB9A1}"
EndProject
Project("{FAE04EC0-301F-11D3-BF4B-00C04F79EFBC}") = "MusicStore.UnitTest", "MusicStore.UnitTest\MusicStore.UnitTest.csproj", "{70AC4AD6-B3AE-4D29-AF33-C45874183D9E}"
EndProject
Project("{FAE04EC0-301F-11D3-BF4B-00C04F79EFBC}") = "MusicStore.Migrations", "MusicStore.Migrations\MusicStore.Migrations.csproj", "{722EECAF-7858-49B6-B334-B025CF60FF11}"
EndProject
Project("{2150E333-8FDC-42A3-9474-1A3956D46DE8}") = ".nuget", ".nuget", "{CF25B83D-C05F-4043-8568-B4AF791E8FE3}"
	ProjectSection(SolutionItems) = preProject
		.nuget\NuGet.Config = .nuget\NuGet.Config
		.nuget\NuGet.exe = .nuget\NuGet.exe
		.nuget\NuGet.targets = .nuget\NuGet.targets
	EndProjectSection
EndProject
Global
	GlobalSection(SolutionConfigurationPlatforms) = preSolution
		Debug|Any CPU = Debug|Any CPU
		Release|Any CPU = Release|Any CPU
	EndGlobalSection
	GlobalSection(ProjectConfigurationPlatforms) = postSolution
		{687C7F15-A14D-4952-9694-221071F1979C}.Debug|Any CPU.ActiveCfg = Debug|Any CPU
		{687C7F15-A14D-4952-9694-221071F1979C}.Debug|Any CPU.Build.0 = Debug|Any CPU
		{687C7F15-A14D-4952-9694-221071F1979C}.Release|Any CPU.ActiveCfg = Release|Any CPU
		{687C7F15-A14D-4952-9694-221071F1979C}.Release|Any CPU.Build.0 = Release|Any CPU
		{E3E4DB63-DA24-45E0-A683-93F1969AB9A1}.Debug|Any CPU.ActiveCfg = Debug|Any CPU
		{E3E4DB63-DA24-45E0-A683-93F1969AB9A1}.Debug|Any CPU.Build.0 = Debug|Any CPU
		{E3E4DB63-DA24-45E0-A683-93F1969AB9A1}.Release|Any CPU.ActiveCfg = Release|Any CPU
		{E3E4DB63-DA24-45E0-A683-93F1969AB9A1}.Release|Any CPU.Build.0 = Release|Any CPU
		{70AC4AD6-B3AE-4D29-AF33-C45874183D9E}.Debug|Any CPU.ActiveCfg = Debug|Any CPU
		{70AC4AD6-B3AE-4D29-AF33-C45874183D9E}.Debug|Any CPU.Build.0 = Debug|Any CPU
		{70AC4AD6-B3AE-4D29-AF33-C45874183D9E}.Release|Any CPU.ActiveCfg = Release|Any CPU
		{70AC4AD6-B3AE-4D29-AF33-C45874183D9E}.Release|Any CPU.Build.0 = Release|Any CPU
		{722EECAF-7858-49B6-B334-B025CF60FF11}.Debug|Any CPU.ActiveCfg = Debug|Any CPU
		{722EECAF-7858-49B6-B334-B025CF60FF11}.Debug|Any CPU.Build.0 = Debug|Any CPU
		{722EECAF-7858-49B6-B334-B025CF60FF11}.Release|Any CPU.ActiveCfg = Release|Any CPU
		{722EECAF-7858-49B6-B334-B025CF60FF11}.Release|Any CPU.Build.0 = Release|Any CPU
	EndGlobalSection
	GlobalSection(SolutionProperties) = preSolution
		HideSolutionNode = FALSE
	EndGlobalSection
EndGlobal
